
Microsoft Visual Studio Solution File, Format Version 12.00
# Visual Studio Version 17
VisualStudioVersion = 17.13.35818.85
MinimumVisualStudioVersion = 10.0.40219.1
Project("{FAE04EC0-301F-11D3-BF4B-00C04F79EFBC}") = "Practica7032025.APPMVDatabaseFirst", "Practica7032025.APPMVDatabaseFirst\Practica7032025.APPMVDatabaseFirst.csproj", "{C2CA61AE-3D11-4672-9AFB-D3D5058014A7}"
EndProject
Project("{FAE04EC0-301F-11D3-BF4B-00C04F79EFBC}") = "Practica7032025.APPMVCCodeFirst", "Practica7032025.APPMVCCodeFirst\Practica7032025.APPMVCCodeFirst.csproj", "{ACB05CC8-31EB-4405-B310-DAB0FCA9390B}"
EndProject
Project("{FAE04EC0-301F-11D3-BF4B-00C04F79EFBC}") = "Proyecto2APPMVCDatabaseFirst", "Proyecto2APPMVCDatabaseFirst\Proyecto2APPMVCDatabaseFirst.csproj", "{63B8977D-FDDE-4311-A5D6-C0B70306D08C}"
EndProject
Global
	GlobalSection(SolutionConfigurationPlatforms) = preSolution
		Debug|Any CPU = Debug|Any CPU
		Release|Any CPU = Release|Any CPU
	EndGlobalSection
	GlobalSection(ProjectConfigurationPlatforms) = postSolution
		{C2CA61AE-3D11-4672-9AFB-D3D5058014A7}.Debug|Any CPU.ActiveCfg = Debug|Any CPU
		{C2CA61AE-3D11-4672-9AFB-D3D5058014A7}.Debug|Any CPU.Build.0 = Debug|Any CPU
		{C2CA61AE-3D11-4672-9AFB-D3D5058014A7}.Release|Any CPU.ActiveCfg = Release|Any CPU
		{C2CA61AE-3D11-4672-9AFB-D3D5058014A7}.Release|Any CPU.Build.0 = Release|Any CPU
		{ACB05CC8-31EB-4405-B310-DAB0FCA9390B}.Debug|Any CPU.ActiveCfg = Debug|Any CPU
		{ACB05CC8-31EB-4405-B310-DAB0FCA9390B}.Debug|Any CPU.Build.0 = Debug|Any CPU
		{ACB05CC8-31EB-4405-B310-DAB0FCA9390B}.Release|Any CPU.ActiveCfg = Release|Any CPU
		{ACB05CC8-31EB-4405-B310-DAB0FCA9390B}.Release|Any CPU.Build.0 = Release|Any CPU
		{63B8977D-FDDE-4311-A5D6-C0B70306D08C}.Debug|Any CPU.ActiveCfg = Debug|Any CPU
		{63B8977D-FDDE-4311-A5D6-C0B70306D08C}.Debug|Any CPU.Build.0 = Debug|Any CPU
		{63B8977D-FDDE-4311-A5D6-C0B70306D08C}.Release|Any CPU.ActiveCfg = Release|Any CPU
		{63B8977D-FDDE-4311-A5D6-C0B70306D08C}.Release|Any CPU.Build.0 = Release|Any CPU
	EndGlobalSection
	GlobalSection(SolutionProperties) = preSolution
		HideSolutionNode = FALSE
	EndGlobalSection
	GlobalSection(ExtensibilityGlobals) = postSolution
		SolutionGuid = {B424ECC2-422B-46D6-9AAD-110EAF43315C}
	EndGlobalSection
EndGlobal
